{
  "name": "greeter",
  "lockfileVersion": 2,
  "requires": true,
  "packages": {
    "": {
      "name": "greeter",
      "dependencies": {
        "openzeppelin-solidity": "^4.8.1"
      }
    },
    "node_modules/openzeppelin-solidity": {
      "version": "4.8.1",
      "resolved": "https://registry.npmjs.org/openzeppelin-solidity/-/openzeppelin-solidity-4.8.1.tgz",
      "integrity": "sha512-KM0pVpfrCBdifqN2ZeJZFvFuoGz3GmI4Ty/ceKNkcaf7VVWo/rLOfc5EiLh+Ukb5NadNmYo8WMeGhFA8hVWDpg==",
      "bin": {
        "openzeppelin-contracts-migrate-imports": "scripts/migrate-imports.js"
      }
    }
  },
  "dependencies": {
    "openzeppelin-solidity": {
      "version": "4.8.1",
      "resolved": "https://registry.npmjs.org/openzeppelin-solidity/-/openzeppelin-solidity-4.8.1.tgz",
      "integrity": "sha512-KM0pVpfrCBdifqN2ZeJZFvFuoGz3GmI4Ty/ceKNkcaf7VVWo/rLOfc5EiLh+Ukb5NadNmYo8WMeGhFA8hVWDpg=="
    }
  }
}
